# This file is automatically @generated by Cargo.
# It is not intended for manual editing.
version = 3

[[package]]
name = "ciphers"
version = "0.1.0"
source = "registry+https://github.com/rust-lang/crates.io-index"
checksum = "1b001d2f53009135648d4f38656955fbbd0992144bee2c82c7f6c49786ec7f4e"

[[package]]
name = "rusty"
version = "0.1.0"
dependencies = [
 "ciphers",
]
